
Microsoft Visual Studio Solution File, Format Version 12.00
# Visual Studio 15
VisualStudioVersion = 15.0.28307.168
MinimumVisualStudioVersion = 10.0.40219.1
Project("{9A19103F-16F7-4668-BE54-9A1E7A4F7556}") = "Xamarin.Forms.Platform.AvaloniaUI", "Xamarin.Forms.Platform.AvaloniaUI\Xamarin.Forms.Platform.AvaloniaUI.csproj", "{A3A0010A-50F1-4766-B6E1-9F437AA0D9D6}"
EndProject
Project("{2150E333-8FDC-42A3-9474-1A3956D46DE8}") = "samples", "samples", "{84630256-E375-4273-8512-B8669C4EDF34}"
EndProject
Project("{FAE04EC0-301F-11D3-BF4B-00C04F79EFBC}") = "WpfApplication.Demo", "samples\WpfApplication.Demo\WpfApplication.Demo.csproj", "{EC08790C-64EA-4AA3-8EA2-B8785E75F83D}"
EndProject
Project("{9A19103F-16F7-4668-BE54-9A1E7A4F7556}") = "Xamarin.Forms.Sample", "samples\Xamarin.Forms.Sample\Xamarin.Forms.Sample.csproj", "{09B4836E-0E22-44A7-B5FD-389C237FA868}"
EndProject
Global
	GlobalSection(SolutionConfigurationPlatforms) = preSolution
		Debug|Any CPU = Debug|Any CPU
		Debug|ARM = Debug|ARM
		Debug|x64 = Debug|x64
		Debug|x86 = Debug|x86
		Release|Any CPU = Release|Any CPU
		Release|ARM = Release|ARM
		Release|x64 = Release|x64
		Release|x86 = Release|x86
	EndGlobalSection
	GlobalSection(ProjectConfigurationPlatforms) = postSolution
		{A3A0010A-50F1-4766-B6E1-9F437AA0D9D6}.Debug|Any CPU.ActiveCfg = Debug|Any CPU
		{A3A0010A-50F1-4766-B6E1-9F437AA0D9D6}.Debug|Any CPU.Build.0 = Debug|Any CPU
		{A3A0010A-50F1-4766-B6E1-9F437AA0D9D6}.Debug|ARM.ActiveCfg = Debug|Any CPU
		{A3A0010A-50F1-4766-B6E1-9F437AA0D9D6}.Debug|ARM.Build.0 = Debug|Any CPU
		{A3A0010A-50F1-4766-B6E1-9F437AA0D9D6}.Debug|x64.ActiveCfg = Debug|Any CPU
		{A3A0010A-50F1-4766-B6E1-9F437AA0D9D6}.Debug|x64.Build.0 = Debug|Any CPU
		{A3A0010A-50F1-4766-B6E1-9F437AA0D9D6}.Debug|x86.ActiveCfg = Debug|Any CPU
		{A3A0010A-50F1-4766-B6E1-9F437AA0D9D6}.Debug|x86.Build.0 = Debug|Any CPU
		{A3A0010A-50F1-4766-B6E1-9F437AA0D9D6}.Release|Any CPU.ActiveCfg = Release|Any CPU
		{A3A0010A-50F1-4766-B6E1-9F437AA0D9D6}.Release|Any CPU.Build.0 = Release|Any CPU
		{A3A0010A-50F1-4766-B6E1-9F437AA0D9D6}.Release|ARM.ActiveCfg = Release|Any CPU
		{A3A0010A-50F1-4766-B6E1-9F437AA0D9D6}.Release|ARM.Build.0 = Release|Any CPU
		{A3A0010A-50F1-4766-B6E1-9F437AA0D9D6}.Release|x64.ActiveCfg = Release|Any CPU
		{A3A0010A-50F1-4766-B6E1-9F437AA0D9D6}.Release|x64.Build.0 = Release|Any CPU
		{A3A0010A-50F1-4766-B6E1-9F437AA0D9D6}.Release|x86.ActiveCfg = Release|Any CPU
		{A3A0010A-50F1-4766-B6E1-9F437AA0D9D6}.Release|x86.Build.0 = Release|Any CPU
		{EC08790C-64EA-4AA3-8EA2-B8785E75F83D}.Debug|Any CPU.ActiveCfg = Debug|Any CPU
		{EC08790C-64EA-4AA3-8EA2-B8785E75F83D}.Debug|Any CPU.Build.0 = Debug|Any CPU
		{EC08790C-64EA-4AA3-8EA2-B8785E75F83D}.Debug|ARM.ActiveCfg = Debug|Any CPU
		{EC08790C-64EA-4AA3-8EA2-B8785E75F83D}.Debug|ARM.Build.0 = Debug|Any CPU
		{EC08790C-64EA-4AA3-8EA2-B8785E75F83D}.Debug|x64.ActiveCfg = Debug|Any CPU
		{EC08790C-64EA-4AA3-8EA2-B8785E75F83D}.Debug|x64.Build.0 = Debug|Any CPU
		{EC08790C-64EA-4AA3-8EA2-B8785E75F83D}.Debug|x86.ActiveCfg = Debug|Any CPU
		{EC08790C-64EA-4AA3-8EA2-B8785E75F83D}.Debug|x86.Build.0 = Debug|Any CPU
		{EC08790C-64EA-4AA3-8EA2-B8785E75F83D}.Release|Any CPU.ActiveCfg = Release|Any CPU
		{EC08790C-64EA-4AA3-8EA2-B8785E75F83D}.Release|Any CPU.Build.0 = Release|Any CPU
		{EC08790C-64EA-4AA3-8EA2-B8785E75F83D}.Release|ARM.ActiveCfg = Release|Any CPU
		{EC08790C-64EA-4AA3-8EA2-B8785E75F83D}.Release|ARM.Build.0 = Release|Any CPU
		{EC08790C-64EA-4AA3-8EA2-B8785E75F83D}.Release|x64.ActiveCfg = Release|Any CPU
		{EC08790C-64EA-4AA3-8EA2-B8785E75F83D}.Release|x64.Build.0 = Release|Any CPU
		{EC08790C-64EA-4AA3-8EA2-B8785E75F83D}.Release|x86.ActiveCfg = Release|Any CPU
		{EC08790C-64EA-4AA3-8EA2-B8785E75F83D}.Release|x86.Build.0 = Release|Any CPU
		{09B4836E-0E22-44A7-B5FD-389C237FA868}.Debug|Any CPU.ActiveCfg = Debug|Any CPU
		{09B4836E-0E22-44A7-B5FD-389C237FA868}.Debug|Any CPU.Build.0 = Debug|Any CPU
		{09B4836E-0E22-44A7-B5FD-389C237FA868}.Debug|ARM.ActiveCfg = Debug|Any CPU
		{09B4836E-0E22-44A7-B5FD-389C237FA868}.Debug|ARM.Build.0 = Debug|Any CPU
		{09B4836E-0E22-44A7-B5FD-389C237FA868}.Debug|x64.ActiveCfg = Debug|Any CPU
		{09B4836E-0E22-44A7-B5FD-389C237FA868}.Debug|x64.Build.0 = Debug|Any CPU
		{09B4836E-0E22-44A7-B5FD-389C237FA868}.Debug|x86.ActiveCfg = Debug|Any CPU
		{09B4836E-0E22-44A7-B5FD-389C237FA868}.Debug|x86.Build.0 = Debug|Any CPU
		{09B4836E-0E22-44A7-B5FD-389C237FA868}.Release|Any CPU.ActiveCfg = Release|Any CPU
		{09B4836E-0E22-44A7-B5FD-389C237FA868}.Release|Any CPU.Build.0 = Release|Any CPU
		{09B4836E-0E22-44A7-B5FD-389C237FA868}.Release|ARM.ActiveCfg = Release|Any CPU
		{09B4836E-0E22-44A7-B5FD-389C237FA868}.Release|ARM.Build.0 = Release|Any CPU
		{09B4836E-0E22-44A7-B5FD-389C237FA868}.Release|x64.ActiveCfg = Release|Any CPU
		{09B4836E-0E22-44A7-B5FD-389C237FA868}.Release|x64.Build.0 = Release|Any CPU
		{09B4836E-0E22-44A7-B5FD-389C237FA868}.Release|x86.ActiveCfg = Release|Any CPU
		{09B4836E-0E22-44A7-B5FD-389C237FA868}.Release|x86.Build.0 = Release|Any CPU
	EndGlobalSection
	GlobalSection(SolutionProperties) = preSolution
		HideSolutionNode = FALSE
	EndGlobalSection
	GlobalSection(NestedProjects) = preSolution
		{EC08790C-64EA-4AA3-8EA2-B8785E75F83D} = {84630256-E375-4273-8512-B8669C4EDF34}
		{09B4836E-0E22-44A7-B5FD-389C237FA868} = {84630256-E375-4273-8512-B8669C4EDF34}
	EndGlobalSection
	GlobalSection(ExtensibilityGlobals) = postSolution
		SolutionGuid = {222AD3A1-08CC-49AA-B7C7-4927A775CB3E}
	EndGlobalSection
EndGlobal
