
Microsoft Visual Studio Solution File, Format Version 12.00
# Visual Studio Version 16
VisualStudioVersion = 16.0.28407.52
MinimumVisualStudioVersion = 10.0.40219.1
Project("{9A19103F-16F7-4668-BE54-9A1E7A4F7556}") = "Xamarin.Forms.Platform.AvaloniaUI", "Xamarin.Forms.Platform.AvaloniaUI\Xamarin.Forms.Platform.AvaloniaUI.csproj", "{A3A0010A-50F1-4766-B6E1-9F437AA0D9D6}"
EndProject
Project("{2150E333-8FDC-42A3-9474-1A3956D46DE8}") = "samples", "samples", "{84630256-E375-4273-8512-B8669C4EDF34}"
EndProject
Project("{FAE04EC0-301F-11D3-BF4B-00C04F79EFBC}") = "WpfApplication.Demo", "samples\WpfApplication.Demo\WpfApplication.Demo.csproj", "{EC08790C-64EA-4AA3-8EA2-B8785E75F83D}"
EndProject
Project("{9A19103F-16F7-4668-BE54-9A1E7A4F7556}") = "Xamarin.Forms.Sample", "samples\Xamarin.Forms.Sample\Xamarin.Forms.Sample.csproj", "{09B4836E-0E22-44A7-B5FD-389C237FA868}"
EndProject
Project("{9A19103F-16F7-4668-BE54-9A1E7A4F7556}") = "AvaloniaApplication.Demo", "samples\AvaloniaApplication.Demo\AvaloniaApplication.Demo.csproj", "{548C7976-7E4F-4474-BAEA-315A5EF52A88}"
EndProject
Project("{2150E333-8FDC-42A3-9474-1A3956D46DE8}") = "Xamarin.Forms", "Xamarin.Forms", "{6116BA22-64FB-4CB8-BCCC-04A0F7A518F4}"
EndProject
Project("{D954291E-2A0B-460D-934E-DC6B0785DB48}") = "Xamarin.Forms.Controls.Issues.Shared", "samples\Xamarin.Froms\Xamarin.Forms.Controls.Issues\Xamarin.Forms.Controls.Issues.Shared\Xamarin.Forms.Controls.Issues.Shared.shproj", "{0F0DB9CC-EA65-429C-9363-38624BF8F49C}"
EndProject
Project("{9A19103F-16F7-4668-BE54-9A1E7A4F7556}") = "Xamarin.Forms.CustomAttributes", "samples\Xamarin.Froms\Xamarin.Forms.CustomAttributes\Xamarin.Forms.CustomAttributes.csproj", "{FFD0ABD7-EC82-4A5F-BDA2-9F5B1065D0C1}"
EndProject
Project("{9A19103F-16F7-4668-BE54-9A1E7A4F7556}") = "Xamarin.Forms.Controls", "samples\Xamarin.Froms\Xamarin.Forms.Controls\Xamarin.Forms.Controls.csproj", "{D7C3E083-083F-4D21-8E50-E15EB4ACA41D}"
EndProject
Project("{9A19103F-16F7-4668-BE54-9A1E7A4F7556}") = "CefGlue.Avalonia", "..\CefGlue.Core\CefGlue.Avalonia\CefGlue.Avalonia.csproj", "{0646E9FA-C89B-462B-9D78-E51E979BDAC1}"
EndProject
Project("{2150E333-8FDC-42A3-9474-1A3956D46DE8}") = "CefGlue.", "CefGlue.", "{4B88A5C9-7C11-48A6-A10E-B1CB486CB3DE}"
EndProject
Project("{FAE04EC0-301F-11D3-BF4B-00C04F79EFBC}") = "CefGlue", "CefGlue\CefGlue\CefGlue.csproj", "{6AA92B94-F0C6-4525-A3FB-3B759AC461C6}"
EndProject
Global
	GlobalSection(SharedMSBuildProjectFiles) = preSolution
		samples\Xamarin.Froms\Xamarin.Forms.Controls.Issues\Xamarin.Forms.Controls.Issues.Shared\Xamarin.Forms.Controls.Issues.Shared.projitems*{0f0db9cc-ea65-429c-9363-38624bf8f49c}*SharedItemsImports = 13
	EndGlobalSection
	GlobalSection(SolutionConfigurationPlatforms) = preSolution
		Debug|Any CPU = Debug|Any CPU
		Debug|ARM = Debug|ARM
		Debug|x64 = Debug|x64
		Debug|x86 = Debug|x86
		Release|Any CPU = Release|Any CPU
		Release|ARM = Release|ARM
		Release|x64 = Release|x64
		Release|x86 = Release|x86
	EndGlobalSection
	GlobalSection(ProjectConfigurationPlatforms) = postSolution
		{A3A0010A-50F1-4766-B6E1-9F437AA0D9D6}.Debug|Any CPU.ActiveCfg = Debug|Any CPU
		{A3A0010A-50F1-4766-B6E1-9F437AA0D9D6}.Debug|Any CPU.Build.0 = Debug|Any CPU
		{A3A0010A-50F1-4766-B6E1-9F437AA0D9D6}.Debug|ARM.ActiveCfg = Debug|Any CPU
		{A3A0010A-50F1-4766-B6E1-9F437AA0D9D6}.Debug|ARM.Build.0 = Debug|Any CPU
		{A3A0010A-50F1-4766-B6E1-9F437AA0D9D6}.Debug|x64.ActiveCfg = Debug|Any CPU
		{A3A0010A-50F1-4766-B6E1-9F437AA0D9D6}.Debug|x64.Build.0 = Debug|Any CPU
		{A3A0010A-50F1-4766-B6E1-9F437AA0D9D6}.Debug|x86.ActiveCfg = Debug|Any CPU
		{A3A0010A-50F1-4766-B6E1-9F437AA0D9D6}.Debug|x86.Build.0 = Debug|Any CPU
		{A3A0010A-50F1-4766-B6E1-9F437AA0D9D6}.Release|Any CPU.ActiveCfg = Release|Any CPU
		{A3A0010A-50F1-4766-B6E1-9F437AA0D9D6}.Release|Any CPU.Build.0 = Release|Any CPU
		{A3A0010A-50F1-4766-B6E1-9F437AA0D9D6}.Release|ARM.ActiveCfg = Release|Any CPU
		{A3A0010A-50F1-4766-B6E1-9F437AA0D9D6}.Release|ARM.Build.0 = Release|Any CPU
		{A3A0010A-50F1-4766-B6E1-9F437AA0D9D6}.Release|x64.ActiveCfg = Release|Any CPU
		{A3A0010A-50F1-4766-B6E1-9F437AA0D9D6}.Release|x64.Build.0 = Release|Any CPU
		{A3A0010A-50F1-4766-B6E1-9F437AA0D9D6}.Release|x86.ActiveCfg = Release|Any CPU
		{A3A0010A-50F1-4766-B6E1-9F437AA0D9D6}.Release|x86.Build.0 = Release|Any CPU
		{EC08790C-64EA-4AA3-8EA2-B8785E75F83D}.Debug|Any CPU.ActiveCfg = Debug|Any CPU
		{EC08790C-64EA-4AA3-8EA2-B8785E75F83D}.Debug|Any CPU.Build.0 = Debug|Any CPU
		{EC08790C-64EA-4AA3-8EA2-B8785E75F83D}.Debug|ARM.ActiveCfg = Debug|Any CPU
		{EC08790C-64EA-4AA3-8EA2-B8785E75F83D}.Debug|ARM.Build.0 = Debug|Any CPU
		{EC08790C-64EA-4AA3-8EA2-B8785E75F83D}.Debug|x64.ActiveCfg = Debug|Any CPU
		{EC08790C-64EA-4AA3-8EA2-B8785E75F83D}.Debug|x64.Build.0 = Debug|Any CPU
		{EC08790C-64EA-4AA3-8EA2-B8785E75F83D}.Debug|x86.ActiveCfg = Debug|Any CPU
		{EC08790C-64EA-4AA3-8EA2-B8785E75F83D}.Debug|x86.Build.0 = Debug|Any CPU
		{EC08790C-64EA-4AA3-8EA2-B8785E75F83D}.Release|Any CPU.ActiveCfg = Release|Any CPU
		{EC08790C-64EA-4AA3-8EA2-B8785E75F83D}.Release|Any CPU.Build.0 = Release|Any CPU
		{EC08790C-64EA-4AA3-8EA2-B8785E75F83D}.Release|ARM.ActiveCfg = Release|Any CPU
		{EC08790C-64EA-4AA3-8EA2-B8785E75F83D}.Release|ARM.Build.0 = Release|Any CPU
		{EC08790C-64EA-4AA3-8EA2-B8785E75F83D}.Release|x64.ActiveCfg = Release|Any CPU
		{EC08790C-64EA-4AA3-8EA2-B8785E75F83D}.Release|x64.Build.0 = Release|Any CPU
		{EC08790C-64EA-4AA3-8EA2-B8785E75F83D}.Release|x86.ActiveCfg = Release|Any CPU
		{EC08790C-64EA-4AA3-8EA2-B8785E75F83D}.Release|x86.Build.0 = Release|Any CPU
		{09B4836E-0E22-44A7-B5FD-389C237FA868}.Debug|Any CPU.ActiveCfg = Debug|Any CPU
		{09B4836E-0E22-44A7-B5FD-389C237FA868}.Debug|Any CPU.Build.0 = Debug|Any CPU
		{09B4836E-0E22-44A7-B5FD-389C237FA868}.Debug|ARM.ActiveCfg = Debug|Any CPU
		{09B4836E-0E22-44A7-B5FD-389C237FA868}.Debug|ARM.Build.0 = Debug|Any CPU
		{09B4836E-0E22-44A7-B5FD-389C237FA868}.Debug|x64.ActiveCfg = Debug|Any CPU
		{09B4836E-0E22-44A7-B5FD-389C237FA868}.Debug|x64.Build.0 = Debug|Any CPU
		{09B4836E-0E22-44A7-B5FD-389C237FA868}.Debug|x86.ActiveCfg = Debug|Any CPU
		{09B4836E-0E22-44A7-B5FD-389C237FA868}.Debug|x86.Build.0 = Debug|Any CPU
		{09B4836E-0E22-44A7-B5FD-389C237FA868}.Release|Any CPU.ActiveCfg = Release|Any CPU
		{09B4836E-0E22-44A7-B5FD-389C237FA868}.Release|Any CPU.Build.0 = Release|Any CPU
		{09B4836E-0E22-44A7-B5FD-389C237FA868}.Release|ARM.ActiveCfg = Release|Any CPU
		{09B4836E-0E22-44A7-B5FD-389C237FA868}.Release|ARM.Build.0 = Release|Any CPU
		{09B4836E-0E22-44A7-B5FD-389C237FA868}.Release|x64.ActiveCfg = Release|Any CPU
		{09B4836E-0E22-44A7-B5FD-389C237FA868}.Release|x64.Build.0 = Release|Any CPU
		{09B4836E-0E22-44A7-B5FD-389C237FA868}.Release|x86.ActiveCfg = Release|Any CPU
		{09B4836E-0E22-44A7-B5FD-389C237FA868}.Release|x86.Build.0 = Release|Any CPU
		{548C7976-7E4F-4474-BAEA-315A5EF52A88}.Debug|Any CPU.ActiveCfg = Debug|Any CPU
		{548C7976-7E4F-4474-BAEA-315A5EF52A88}.Debug|Any CPU.Build.0 = Debug|Any CPU
		{548C7976-7E4F-4474-BAEA-315A5EF52A88}.Debug|ARM.ActiveCfg = Debug|Any CPU
		{548C7976-7E4F-4474-BAEA-315A5EF52A88}.Debug|ARM.Build.0 = Debug|Any CPU
		{548C7976-7E4F-4474-BAEA-315A5EF52A88}.Debug|x64.ActiveCfg = Debug|Any CPU
		{548C7976-7E4F-4474-BAEA-315A5EF52A88}.Debug|x64.Build.0 = Debug|Any CPU
		{548C7976-7E4F-4474-BAEA-315A5EF52A88}.Debug|x86.ActiveCfg = Debug|Any CPU
		{548C7976-7E4F-4474-BAEA-315A5EF52A88}.Debug|x86.Build.0 = Debug|Any CPU
		{548C7976-7E4F-4474-BAEA-315A5EF52A88}.Release|Any CPU.ActiveCfg = Release|Any CPU
		{548C7976-7E4F-4474-BAEA-315A5EF52A88}.Release|Any CPU.Build.0 = Release|Any CPU
		{548C7976-7E4F-4474-BAEA-315A5EF52A88}.Release|ARM.ActiveCfg = Release|Any CPU
		{548C7976-7E4F-4474-BAEA-315A5EF52A88}.Release|ARM.Build.0 = Release|Any CPU
		{548C7976-7E4F-4474-BAEA-315A5EF52A88}.Release|x64.ActiveCfg = Release|Any CPU
		{548C7976-7E4F-4474-BAEA-315A5EF52A88}.Release|x64.Build.0 = Release|Any CPU
		{548C7976-7E4F-4474-BAEA-315A5EF52A88}.Release|x86.ActiveCfg = Release|Any CPU
		{548C7976-7E4F-4474-BAEA-315A5EF52A88}.Release|x86.Build.0 = Release|Any CPU
		{FFD0ABD7-EC82-4A5F-BDA2-9F5B1065D0C1}.Debug|Any CPU.ActiveCfg = Debug|Any CPU
		{FFD0ABD7-EC82-4A5F-BDA2-9F5B1065D0C1}.Debug|Any CPU.Build.0 = Debug|Any CPU
		{FFD0ABD7-EC82-4A5F-BDA2-9F5B1065D0C1}.Debug|ARM.ActiveCfg = Debug|Any CPU
		{FFD0ABD7-EC82-4A5F-BDA2-9F5B1065D0C1}.Debug|ARM.Build.0 = Debug|Any CPU
		{FFD0ABD7-EC82-4A5F-BDA2-9F5B1065D0C1}.Debug|x64.ActiveCfg = Debug|Any CPU
		{FFD0ABD7-EC82-4A5F-BDA2-9F5B1065D0C1}.Debug|x64.Build.0 = Debug|Any CPU
		{FFD0ABD7-EC82-4A5F-BDA2-9F5B1065D0C1}.Debug|x86.ActiveCfg = Debug|Any CPU
		{FFD0ABD7-EC82-4A5F-BDA2-9F5B1065D0C1}.Debug|x86.Build.0 = Debug|Any CPU
		{FFD0ABD7-EC82-4A5F-BDA2-9F5B1065D0C1}.Release|Any CPU.ActiveCfg = Release|Any CPU
		{FFD0ABD7-EC82-4A5F-BDA2-9F5B1065D0C1}.Release|Any CPU.Build.0 = Release|Any CPU
		{FFD0ABD7-EC82-4A5F-BDA2-9F5B1065D0C1}.Release|ARM.ActiveCfg = Release|Any CPU
		{FFD0ABD7-EC82-4A5F-BDA2-9F5B1065D0C1}.Release|ARM.Build.0 = Release|Any CPU
		{FFD0ABD7-EC82-4A5F-BDA2-9F5B1065D0C1}.Release|x64.ActiveCfg = Release|Any CPU
		{FFD0ABD7-EC82-4A5F-BDA2-9F5B1065D0C1}.Release|x64.Build.0 = Release|Any CPU
		{FFD0ABD7-EC82-4A5F-BDA2-9F5B1065D0C1}.Release|x86.ActiveCfg = Release|Any CPU
		{FFD0ABD7-EC82-4A5F-BDA2-9F5B1065D0C1}.Release|x86.Build.0 = Release|Any CPU
		{D7C3E083-083F-4D21-8E50-E15EB4ACA41D}.Debug|Any CPU.ActiveCfg = Debug|Any CPU
		{D7C3E083-083F-4D21-8E50-E15EB4ACA41D}.Debug|Any CPU.Build.0 = Debug|Any CPU
		{D7C3E083-083F-4D21-8E50-E15EB4ACA41D}.Debug|ARM.ActiveCfg = Debug|Any CPU
		{D7C3E083-083F-4D21-8E50-E15EB4ACA41D}.Debug|ARM.Build.0 = Debug|Any CPU
		{D7C3E083-083F-4D21-8E50-E15EB4ACA41D}.Debug|x64.ActiveCfg = Debug|Any CPU
		{D7C3E083-083F-4D21-8E50-E15EB4ACA41D}.Debug|x64.Build.0 = Debug|Any CPU
		{D7C3E083-083F-4D21-8E50-E15EB4ACA41D}.Debug|x86.ActiveCfg = Debug|Any CPU
		{D7C3E083-083F-4D21-8E50-E15EB4ACA41D}.Debug|x86.Build.0 = Debug|Any CPU
		{D7C3E083-083F-4D21-8E50-E15EB4ACA41D}.Release|Any CPU.ActiveCfg = Release|Any CPU
		{D7C3E083-083F-4D21-8E50-E15EB4ACA41D}.Release|Any CPU.Build.0 = Release|Any CPU
		{D7C3E083-083F-4D21-8E50-E15EB4ACA41D}.Release|ARM.ActiveCfg = Release|Any CPU
		{D7C3E083-083F-4D21-8E50-E15EB4ACA41D}.Release|ARM.Build.0 = Release|Any CPU
		{D7C3E083-083F-4D21-8E50-E15EB4ACA41D}.Release|x64.ActiveCfg = Release|Any CPU
		{D7C3E083-083F-4D21-8E50-E15EB4ACA41D}.Release|x64.Build.0 = Release|Any CPU
		{D7C3E083-083F-4D21-8E50-E15EB4ACA41D}.Release|x86.ActiveCfg = Release|Any CPU
		{D7C3E083-083F-4D21-8E50-E15EB4ACA41D}.Release|x86.Build.0 = Release|Any CPU
		{0646E9FA-C89B-462B-9D78-E51E979BDAC1}.Debug|Any CPU.ActiveCfg = Debug|Any CPU
		{0646E9FA-C89B-462B-9D78-E51E979BDAC1}.Debug|Any CPU.Build.0 = Debug|Any CPU
		{0646E9FA-C89B-462B-9D78-E51E979BDAC1}.Debug|ARM.ActiveCfg = Debug|Any CPU
		{0646E9FA-C89B-462B-9D78-E51E979BDAC1}.Debug|ARM.Build.0 = Debug|Any CPU
		{0646E9FA-C89B-462B-9D78-E51E979BDAC1}.Debug|x64.ActiveCfg = Debug|Any CPU
		{0646E9FA-C89B-462B-9D78-E51E979BDAC1}.Debug|x64.Build.0 = Debug|Any CPU
		{0646E9FA-C89B-462B-9D78-E51E979BDAC1}.Debug|x86.ActiveCfg = Debug|Any CPU
		{0646E9FA-C89B-462B-9D78-E51E979BDAC1}.Debug|x86.Build.0 = Debug|Any CPU
		{0646E9FA-C89B-462B-9D78-E51E979BDAC1}.Release|Any CPU.ActiveCfg = Release|Any CPU
		{0646E9FA-C89B-462B-9D78-E51E979BDAC1}.Release|Any CPU.Build.0 = Release|Any CPU
		{0646E9FA-C89B-462B-9D78-E51E979BDAC1}.Release|ARM.ActiveCfg = Release|Any CPU
		{0646E9FA-C89B-462B-9D78-E51E979BDAC1}.Release|ARM.Build.0 = Release|Any CPU
		{0646E9FA-C89B-462B-9D78-E51E979BDAC1}.Release|x64.ActiveCfg = Release|Any CPU
		{0646E9FA-C89B-462B-9D78-E51E979BDAC1}.Release|x64.Build.0 = Release|Any CPU
		{0646E9FA-C89B-462B-9D78-E51E979BDAC1}.Release|x86.ActiveCfg = Release|Any CPU
		{0646E9FA-C89B-462B-9D78-E51E979BDAC1}.Release|x86.Build.0 = Release|Any CPU
		{6AA92B94-F0C6-4525-A3FB-3B759AC461C6}.Debug|Any CPU.ActiveCfg = Debug|Any CPU
		{6AA92B94-F0C6-4525-A3FB-3B759AC461C6}.Debug|Any CPU.Build.0 = Debug|Any CPU
		{6AA92B94-F0C6-4525-A3FB-3B759AC461C6}.Debug|ARM.ActiveCfg = Debug|Any CPU
		{6AA92B94-F0C6-4525-A3FB-3B759AC461C6}.Debug|ARM.Build.0 = Debug|Any CPU
		{6AA92B94-F0C6-4525-A3FB-3B759AC461C6}.Debug|x64.ActiveCfg = Debug|Any CPU
		{6AA92B94-F0C6-4525-A3FB-3B759AC461C6}.Debug|x64.Build.0 = Debug|Any CPU
		{6AA92B94-F0C6-4525-A3FB-3B759AC461C6}.Debug|x86.ActiveCfg = Debug|Any CPU
		{6AA92B94-F0C6-4525-A3FB-3B759AC461C6}.Debug|x86.Build.0 = Debug|Any CPU
		{6AA92B94-F0C6-4525-A3FB-3B759AC461C6}.Release|Any CPU.ActiveCfg = Release|Any CPU
		{6AA92B94-F0C6-4525-A3FB-3B759AC461C6}.Release|Any CPU.Build.0 = Release|Any CPU
		{6AA92B94-F0C6-4525-A3FB-3B759AC461C6}.Release|ARM.ActiveCfg = Release|Any CPU
		{6AA92B94-F0C6-4525-A3FB-3B759AC461C6}.Release|ARM.Build.0 = Release|Any CPU
		{6AA92B94-F0C6-4525-A3FB-3B759AC461C6}.Release|x64.ActiveCfg = Release|Any CPU
		{6AA92B94-F0C6-4525-A3FB-3B759AC461C6}.Release|x64.Build.0 = Release|Any CPU
		{6AA92B94-F0C6-4525-A3FB-3B759AC461C6}.Release|x86.ActiveCfg = Release|Any CPU
		{6AA92B94-F0C6-4525-A3FB-3B759AC461C6}.Release|x86.Build.0 = Release|Any CPU
	EndGlobalSection
	GlobalSection(SolutionProperties) = preSolution
		HideSolutionNode = FALSE
	EndGlobalSection
	GlobalSection(NestedProjects) = preSolution
		{EC08790C-64EA-4AA3-8EA2-B8785E75F83D} = {84630256-E375-4273-8512-B8669C4EDF34}
		{09B4836E-0E22-44A7-B5FD-389C237FA868} = {84630256-E375-4273-8512-B8669C4EDF34}
		{548C7976-7E4F-4474-BAEA-315A5EF52A88} = {84630256-E375-4273-8512-B8669C4EDF34}
		{6116BA22-64FB-4CB8-BCCC-04A0F7A518F4} = {84630256-E375-4273-8512-B8669C4EDF34}
		{0F0DB9CC-EA65-429C-9363-38624BF8F49C} = {6116BA22-64FB-4CB8-BCCC-04A0F7A518F4}
		{FFD0ABD7-EC82-4A5F-BDA2-9F5B1065D0C1} = {6116BA22-64FB-4CB8-BCCC-04A0F7A518F4}
		{D7C3E083-083F-4D21-8E50-E15EB4ACA41D} = {6116BA22-64FB-4CB8-BCCC-04A0F7A518F4}
		{0646E9FA-C89B-462B-9D78-E51E979BDAC1} = {4B88A5C9-7C11-48A6-A10E-B1CB486CB3DE}
		{6AA92B94-F0C6-4525-A3FB-3B759AC461C6} = {4B88A5C9-7C11-48A6-A10E-B1CB486CB3DE}
	EndGlobalSection
	GlobalSection(ExtensibilityGlobals) = postSolution
		SolutionGuid = {222AD3A1-08CC-49AA-B7C7-4927A775CB3E}
	EndGlobalSection
EndGlobal
